
Microsoft Visual Studio Solution File, Format Version 12.00
# Visual Studio Version 16
VisualStudioVersion = 16.0.30204.135
MinimumVisualStudioVersion = 10.0.40219.1
Project("{FAE04EC0-301F-11D3-BF4B-00C04F79EFBC}") = "daybot", "daybot.csproj", "{A1994B36-D441-427E-A0DA-72D9306F14B0}"
EndProject
Global
	GlobalSection(SolutionConfigurationPlatforms) = preSolution
		Debug|Any CPU = Debug|Any CPU
		Release|Any CPU = Release|Any CPU
	EndGlobalSection
	GlobalSection(ProjectConfigurationPlatforms) = postSolution
		{A1994B36-D441-427E-A0DA-72D9306F14B0}.Debug|Any CPU.ActiveCfg = Debug|Any CPU
		{A1994B36-D441-427E-A0DA-72D9306F14B0}.Debug|Any CPU.Build.0 = Debug|Any CPU
		{A1994B36-D441-427E-A0DA-72D9306F14B0}.Release|Any CPU.ActiveCfg = Release|Any CPU
		{A1994B36-D441-427E-A0DA-72D9306F14B0}.Release|Any CPU.Build.0 = Release|Any CPU
	EndGlobalSection
	GlobalSection(SolutionProperties) = preSolution
		HideSolutionNode = FALSE
	EndGlobalSection
	GlobalSection(ExtensibilityGlobals) = postSolution
		SolutionGuid = {3C017125-904A-4A66-BB71-AB27B0DDF23D}
	EndGlobalSection
EndGlobal
